{
  "name": "@zengbin/vuedocs",
  "version": "1.0.2",
  "lockfileVersion": 1,
  "requires": true,
  "dependencies": {
    "@babel/code-frame": {
      "version": "7.18.6",
      "resolved": "http://nexus.dmall.com:8081/nexus/repository/npm-public/@babel/code-frame/-/code-frame-7.18.6.tgz",
      "integrity": "sha512-TDCmlK5eOvH+eH7cdAFlNXeVJqWIQ7gW9tY1GJIpUtFb6CmjVyq2VM3u71bOyR8CRihcCgMUYoDNyLXao3+70Q==",
      "requires": {
        "@babel/highlight": "^7.18.6"
      }
    },
    "@babel/generator": {
      "version": "7.19.0",
      "resolved": "http://nexus.dmall.com:8081/nexus/repository/npm-public/@babel/generator/-/generator-7.19.0.tgz",
      "integrity": "sha512-S1ahxf1gZ2dpoiFgA+ohK9DIpz50bJ0CWs7Zlzb54Z4sG8qmdIrGrVqmy1sAtTVRb+9CU6U8VqT9L0Zj7hxHVg==",
      "requires": {
        "@babel/types": "^7.19.0",
        "@jridgewell/gen-mapping": "^0.3.2",
        "jsesc": "^2.5.1"
      }
    },
    "@babel/helper-environment-visitor": {
      "version": "7.18.9",
      "resolved": "http://nexus.dmall.com:8081/nexus/repository/npm-public/@babel/helper-environment-visitor/-/helper-environment-visitor-7.18.9.tgz",
      "integrity": "sha512-3r/aACDJ3fhQ/EVgFy0hpj8oHyHpQc+LPtJoY9SzTThAsStm4Ptegq92vqKoE3vD706ZVFWITnMnxucw+S9Ipg=="
    },
    "@babel/helper-function-name": {
      "version": "7.19.0",
      "resolved": "http://nexus.dmall.com:8081/nexus/repository/npm-public/@babel/helper-function-name/-/helper-function-name-7.19.0.tgz",
      "integrity": "sha512-WAwHBINyrpqywkUH0nTnNgI5ina5TFn85HKS0pbPDfxFfhyR/aNQEn4hGi1P1JyT//I0t4OgXUlofzWILRvS5w==",
      "requires": {
        "@babel/template": "^7.18.10",
        "@babel/types": "^7.19.0"
      }
    },
    "@babel/helper-hoist-variables": {
      "version": "7.18.6",
      "resolved": "http://nexus.dmall.com:8081/nexus/repository/npm-public/@babel/helper-hoist-variables/-/helper-hoist-variables-7.18.6.tgz",
      "integrity": "sha512-UlJQPkFqFULIcyW5sbzgbkxn2FKRgwWiRexcuaR8RNJRy8+LLveqPjwZV/bwrLZCN0eUHD/x8D0heK1ozuoo6Q==",
      "requires": {
        "@babel/types": "^7.18.6"
      }
    },
    "@babel/helper-split-export-declaration": {
      "version": "7.18.6",
      "resolved": "http://nexus.dmall.com:8081/nexus/repository/npm-public/@babel/helper-split-export-declaration/-/helper-split-export-declaration-7.18.6.tgz",
      "integrity": "sha512-bde1etTx6ZyTmobl9LLMMQsaizFVZrquTEHOqKeQESMKo4PlObf+8+JA25ZsIpZhT/WEd39+vOdLXAFG/nELpA==",
      "requires": {
        "@babel/types": "^7.18.6"
      }
    },
    "@babel/helper-string-parser": {
      "version": "7.18.10",
      "resolved": "http://nexus.dmall.com:8081/nexus/repository/npm-public/@babel/helper-string-parser/-/helper-string-parser-7.18.10.tgz",
      "integrity": "sha512-XtIfWmeNY3i4t7t4D2t02q50HvqHybPqW2ki1kosnvWCwuCMeo81Jf0gwr85jy/neUdg5XDdeFE/80DXiO+njw=="
    },
    "@babel/helper-validator-identifier": {
      "version": "7.19.1",
      "resolved": "http://nexus.dmall.com:8081/nexus/repository/npm-public/@babel/helper-validator-identifier/-/helper-validator-identifier-7.19.1.tgz",
      "integrity": "sha512-awrNfaMtnHUr653GgGEs++LlAvW6w+DcPrOliSMXWCKo597CwL5Acf/wWdNkf/tfEQE3mjkeD1YOVZOUV/od1w=="
    },
    "@babel/highlight": {
      "version": "7.18.6",
      "resolved": "http://nexus.dmall.com:8081/nexus/repository/npm-public/@babel/highlight/-/highlight-7.18.6.tgz",
      "integrity": "sha512-u7stbOuYjaPezCuLj29hNW1v64M2Md2qupEKP1fHc7WdOA3DgLh37suiSrZYY7haUB7iBeQZ9P1uiRF359do3g==",
      "requires": {
        "@babel/helper-validator-identifier": "^7.18.6",
        "chalk": "^2.0.0",
        "js-tokens": "^4.0.0"
      }
    },
    "@babel/parser": {
      "version": "7.19.1",
      "resolved": "http://nexus.dmall.com:8081/nexus/repository/npm-public/@babel/parser/-/parser-7.19.1.tgz",
      "integrity": "sha512-h7RCSorm1DdTVGJf3P2Mhj3kdnkmF/EiysUkzS2TdgAYqyjFdMQJbVuXOBej2SBJaXan/lIVtT6KkGbyyq753A=="
    },
    "@babel/template": {
      "version": "7.18.10",
      "resolved": "http://nexus.dmall.com:8081/nexus/repository/npm-public/@babel/template/-/template-7.18.10.tgz",
      "integrity": "sha512-TI+rCtooWHr3QJ27kJxfjutghu44DLnasDMwpDqCXVTal9RLp3RSYNh4NdBrRP2cQAoG9A8juOQl6P6oZG4JxA==",
      "requires": {
        "@babel/code-frame": "^7.18.6",
        "@babel/parser": "^7.18.10",
        "@babel/types": "^7.18.10"
      }
    },
    "@babel/traverse": {
      "version": "7.19.1",
      "resolved": "http://nexus.dmall.com:8081/nexus/repository/npm-public/@babel/traverse/-/traverse-7.19.1.tgz",
      "integrity": "sha512-0j/ZfZMxKukDaag2PtOPDbwuELqIar6lLskVPPJDjXMXjfLb1Obo/1yjxIGqqAJrmfaTIY3z2wFLAQ7qSkLsuA==",
      "requires": {
        "@babel/code-frame": "^7.18.6",
        "@babel/generator": "^7.19.0",
        "@babel/helper-environment-visitor": "^7.18.9",
        "@babel/helper-function-name": "^7.19.0",
        "@babel/helper-hoist-variables": "^7.18.6",
        "@babel/helper-split-export-declaration": "^7.18.6",
        "@babel/parser": "^7.19.1",
        "@babel/types": "^7.19.0",
        "debug": "^4.1.0",
        "globals": "^11.1.0"
      }
    },
    "@babel/types": {
      "version": "7.19.0",
      "resolved": "http://nexus.dmall.com:8081/nexus/repository/npm-public/@babel/types/-/types-7.19.0.tgz",
      "integrity": "sha512-YuGopBq3ke25BVSiS6fgF49Ul9gH1x70Bcr6bqRLjWCkcX8Hre1/5+z+IiWOIerRMSSEfGZVB9z9kyq7wVs9YA==",
      "requires": {
        "@babel/helper-string-parser": "^7.18.10",
        "@babel/helper-validator-identifier": "^7.18.6",
        "to-fast-properties": "^2.0.0"
      }
    },
    "@jridgewell/gen-mapping": {
      "version": "0.3.2",
      "resolved": "http://nexus.dmall.com:8081/nexus/repository/npm-public/@jridgewell/gen-mapping/-/gen-mapping-0.3.2.tgz",
      "integrity": "sha512-mh65xKQAzI6iBcFzwv28KVWSmCkdRBWoOh+bYQGW3+6OZvbbN3TqMGo5hqYxQniRcH9F2VZIoJCm4pa3BPDK/A==",
      "requires": {
        "@jridgewell/set-array": "^1.0.1",
        "@jridgewell/sourcemap-codec": "^1.4.10",
        "@jridgewell/trace-mapping": "^0.3.9"
      }
    },
    "@jridgewell/resolve-uri": {
      "version": "3.1.0",
      "resolved": "http://nexus.dmall.com:8081/nexus/repository/npm-public/@jridgewell/resolve-uri/-/resolve-uri-3.1.0.tgz",
      "integrity": "sha512-F2msla3tad+Mfht5cJq7LSXcdudKTWCVYUgw6pLFOOHSTtZlj6SWNYAp+AhuqLmWdBO2X5hPrLcu8cVP8fy28w=="
    },
    "@jridgewell/set-array": {
      "version": "1.1.2",
      "resolved": "http://nexus.dmall.com:8081/nexus/repository/npm-public/@jridgewell/set-array/-/set-array-1.1.2.tgz",
      "integrity": "sha512-xnkseuNADM0gt2bs+BvhO0p78Mk762YnZdsuzFV018NoG1Sj1SCQvpSqa7XUaTam5vAGasABV9qXASMKnFMwMw=="
    },
    "@jridgewell/sourcemap-codec": {
      "version": "1.4.14",
      "resolved": "http://nexus.dmall.com:8081/nexus/repository/npm-public/@jridgewell/sourcemap-codec/-/sourcemap-codec-1.4.14.tgz",
      "integrity": "sha512-XPSJHWmi394fuUuzDnGz1wiKqWfo1yXecHQMRf2l6hztTO+nPru658AyDngaBe7isIxEkRsPR3FZh+s7iVa4Uw=="
    },
    "@jridgewell/trace-mapping": {
      "version": "0.3.15",
      "resolved": "http://nexus.dmall.com:8081/nexus/repository/npm-public/@jridgewell/trace-mapping/-/trace-mapping-0.3.15.tgz",
      "integrity": "sha512-oWZNOULl+UbhsgB51uuZzglikfIKSUBO/M9W2OfEjn7cmqoAiCgmv9lyACTUacZwBz0ITnJ2NqjU8Tx0DHL88g==",
      "requires": {
        "@jridgewell/resolve-uri": "^3.0.3",
        "@jridgewell/sourcemap-codec": "^1.4.10"
      }
    },
    "@vue/compiler-core": {
      "version": "3.2.39",
      "resolved": "http://nexus.dmall.com:8081/nexus/repository/npm-public/@vue/compiler-core/-/compiler-core-3.2.39.tgz",
      "integrity": "sha512-mf/36OWXqWn0wsC40nwRRGheR/qoID+lZXbIuLnr4/AngM0ov8Xvv8GHunC0rKRIkh60bTqydlqTeBo49rlbqw==",
      "requires": {
        "@babel/parser": "^7.16.4",
        "@vue/shared": "3.2.39",
        "estree-walker": "^2.0.2",
        "source-map": "^0.6.1"
      }
    },
    "@vue/compiler-dom": {
      "version": "3.2.39",
      "resolved": "http://nexus.dmall.com:8081/nexus/repository/npm-public/@vue/compiler-dom/-/compiler-dom-3.2.39.tgz",
      "integrity": "sha512-HMFI25Be1C8vLEEv1hgEO1dWwG9QQ8LTTPmCkblVJY/O3OvWx6r1+zsox5mKPMGvqYEZa6l8j+xgOfUspgo7hw==",
      "requires": {
        "@vue/compiler-core": "3.2.39",
        "@vue/shared": "3.2.39"
      }
    },
    "@vue/compiler-sfc": {
      "version": "3.2.39",
      "resolved": "http://nexus.dmall.com:8081/nexus/repository/npm-public/@vue/compiler-sfc/-/compiler-sfc-3.2.39.tgz",
      "integrity": "sha512-fqAQgFs1/BxTUZkd0Vakn3teKUt//J3c420BgnYgEOoVdTwYpBTSXCMJ88GOBCylmUBbtquGPli9tVs7LzsWIA==",
      "requires": {
        "@babel/parser": "^7.16.4",
        "@vue/compiler-core": "3.2.39",
        "@vue/compiler-dom": "3.2.39",
        "@vue/compiler-ssr": "3.2.39",
        "@vue/reactivity-transform": "3.2.39",
        "@vue/shared": "3.2.39",
        "estree-walker": "^2.0.2",
        "magic-string": "^0.25.7",
        "postcss": "^8.1.10",
        "source-map": "^0.6.1"
      }
    },
    "@vue/compiler-ssr": {
      "version": "3.2.39",
      "resolved": "http://nexus.dmall.com:8081/nexus/repository/npm-public/@vue/compiler-ssr/-/compiler-ssr-3.2.39.tgz",
      "integrity": "sha512-EoGCJ6lincKOZGW+0Ky4WOKsSmqL7hp1ZYgen8M7u/mlvvEQUaO9tKKOy7K43M9U2aA3tPv0TuYYQFrEbK2eFQ==",
      "requires": {
        "@vue/compiler-dom": "3.2.39",
        "@vue/shared": "3.2.39"
      }
    },
    "@vue/reactivity-transform": {
      "version": "3.2.39",
      "resolved": "http://nexus.dmall.com:8081/nexus/repository/npm-public/@vue/reactivity-transform/-/reactivity-transform-3.2.39.tgz",
      "integrity": "sha512-HGuWu864zStiWs9wBC6JYOP1E00UjMdDWIG5W+FpUx28hV3uz9ODOKVNm/vdOy/Pvzg8+OcANxAVC85WFBbl3A==",
      "requires": {
        "@babel/parser": "^7.16.4",
        "@vue/compiler-core": "3.2.39",
        "@vue/shared": "3.2.39",
        "estree-walker": "^2.0.2",
        "magic-string": "^0.25.7"
      }
    },
    "@vue/shared": {
      "version": "3.2.39",
      "resolved": "http://nexus.dmall.com:8081/nexus/repository/npm-public/@vue/shared/-/shared-3.2.39.tgz",
      "integrity": "sha512-D3dl2ZB9qE6mTuWPk9RlhDeP1dgNRUKC3NJxji74A4yL8M2MwlhLKUC/49WHjrNzSPug58fWx/yFbaTzGAQSBw=="
    },
    "ansi-styles": {
      "version": "3.2.1",
      "resolved": "http://nexus.dmall.com:8081/nexus/repository/npm-public/ansi-styles/-/ansi-styles-3.2.1.tgz",
      "integrity": "sha512-VT0ZI6kZRdTh8YyJw3SMbYm/u+NqfsAxEpWO0Pf9sq8/e94WxxOpPKx9FR1FlyCtOVDNOQ+8ntlqFxiRc+r5qA==",
      "requires": {
        "color-convert": "^1.9.0"
      }
    },
    "chalk": {
      "version": "2.4.2",
      "resolved": "http://nexus.dmall.com:8081/nexus/repository/npm-public/chalk/-/chalk-2.4.2.tgz",
      "integrity": "sha512-Mti+f9lpJNcwF4tWV8/OrTTtF1gZi+f8FqlyAdouralcFWFQWF2+NgCHShjkCb+IFBLq9buZwE1xckQU4peSuQ==",
      "requires": {
        "ansi-styles": "^3.2.1",
        "escape-string-regexp": "^1.0.5",
        "supports-color": "^5.3.0"
      }
    },
    "color-convert": {
      "version": "1.9.3",
      "resolved": "http://nexus.dmall.com:8081/nexus/repository/npm-public/color-convert/-/color-convert-1.9.3.tgz",
      "integrity": "sha512-QfAUtd+vFdAtFQcC8CCyYt1fYWxSqAiK2cSD6zDB8N3cpsEBAvRxp9zOGg6G/SHHJYAT88/az/IuDGALsNVbGg==",
      "requires": {
        "color-name": "1.1.3"
      }
    },
    "color-name": {
      "version": "1.1.3",
      "resolved": "http://nexus.dmall.com:8081/nexus/repository/npm-public/color-name/-/color-name-1.1.3.tgz",
      "integrity": "sha512-72fSenhMw2HZMTVHeCA9KCmpEIbzWiQsjN+BHcBbS9vr1mtt+vJjPdksIBNUmKAW8TFUDPJK5SUU3QhE9NEXDw=="
    },
    "de-indent": {
      "version": "1.0.2",
      "resolved": "http://nexus.dmall.com:8081/nexus/repository/npm-public/de-indent/-/de-indent-1.0.2.tgz",
      "integrity": "sha512-e/1zu3xH5MQryN2zdVaF0OrdNLUbvWxzMbi+iNA6Bky7l1RoP8a2fIbRocyHclXt/arDrrR6lL3TqFD9pMQTsg=="
    },
    "debug": {
      "version": "4.3.4",
      "resolved": "http://nexus.dmall.com:8081/nexus/repository/npm-public/debug/-/debug-4.3.4.tgz",
      "integrity": "sha512-PRWFHuSU3eDtQJPvnNY7Jcket1j0t5OuOsFzPPzsekD52Zl8qUfFIPEiswXqIvHWGVHOgX+7G/vCNNhehwxfkQ==",
      "requires": {
        "ms": "2.1.2"
      }
    },
    "escape-string-regexp": {
      "version": "1.0.5",
      "resolved": "http://nexus.dmall.com:8081/nexus/repository/npm-public/escape-string-regexp/-/escape-string-regexp-1.0.5.tgz",
      "integrity": "sha512-vbRorB5FUQWvla16U8R/qgaFIya2qGzwDrNmCZuYKrbdSUMG6I1ZCGQRefkRVhuOkIGVne7BQ35DSfo1qvJqFg=="
    },
    "estree-walker": {
      "version": "2.0.2",
      "resolved": "http://nexus.dmall.com:8081/nexus/repository/npm-public/estree-walker/-/estree-walker-2.0.2.tgz",
      "integrity": "sha512-Rfkk/Mp/DL7JVje3u18FxFujQlTNR2q6QfMSMB7AvCBx91NGj/ba3kCfza0f6dVDbw7YlRf/nDrn7pQrCCyQ/w=="
    },
    "globals": {
      "version": "11.12.0",
      "resolved": "http://nexus.dmall.com:8081/nexus/repository/npm-public/globals/-/globals-11.12.0.tgz",
      "integrity": "sha512-WOBp/EEGUiIsJSp7wcv/y6MO+lV9UoncWqxuFfm8eBwzWNgyfBd6Gz+IeKQ9jCmyhoH99g15M3T+QaVHFjizVA=="
    },
    "has-flag": {
      "version": "3.0.0",
      "resolved": "http://nexus.dmall.com:8081/nexus/repository/npm-public/has-flag/-/has-flag-3.0.0.tgz",
      "integrity": "sha512-sKJf1+ceQBr4SMkvQnBDNDtf4TXpVhVGateu0t918bl30FnbE2m4vNLX+VWe/dpjlb+HugGYzW7uQXH98HPEYw=="
    },
    "he": {
      "version": "1.2.0",
      "resolved": "http://nexus.dmall.com:8081/nexus/repository/npm-public/he/-/he-1.2.0.tgz",
      "integrity": "sha512-F/1DnUGPopORZi0ni+CvrCgHQ5FyEAHRLSApuYWMmrbSwoN2Mn/7k+Gl38gJnR7yyDZk6WLXwiGod1JOWNDKGw=="
    },
    "js-tokens": {
      "version": "4.0.0",
      "resolved": "http://nexus.dmall.com:8081/nexus/repository/npm-public/js-tokens/-/js-tokens-4.0.0.tgz",
      "integrity": "sha512-RdJUflcE3cUzKiMqQgsCu06FPu9UdIJO0beYbPhHN4k6apgJtifcoCtT9bcxOpYBtpD2kCM6Sbzg4CausW/PKQ=="
    },
    "jsesc": {
      "version": "2.5.2",
      "resolved": "http://nexus.dmall.com:8081/nexus/repository/npm-public/jsesc/-/jsesc-2.5.2.tgz",
      "integrity": "sha512-OYu7XEzjkCQ3C5Ps3QIZsQfNpqoJyZZA99wd9aWd05NCtC5pWOkShK2mkL6HXQR6/Cy2lbNdPlZBpuQHXE63gA=="
    },
    "magic-string": {
      "version": "0.25.9",
      "resolved": "http://nexus.dmall.com:8081/nexus/repository/npm-public/magic-string/-/magic-string-0.25.9.tgz",
      "integrity": "sha512-RmF0AsMzgt25qzqqLc1+MbHmhdx0ojF2Fvs4XnOqz2ZOBXzzkEwc/dJQZCYHAn7v1jbVOjAZfK8msRn4BxO4VQ==",
      "requires": {
        "sourcemap-codec": "^1.4.8"
      }
    },
    "ms": {
      "version": "2.1.2",
      "resolved": "http://nexus.dmall.com:8081/nexus/repository/npm-public/ms/-/ms-2.1.2.tgz",
      "integrity": "sha512-sGkPx+VjMtmA6MX27oA4FBFELFCZZ4S4XqeGOXCv68tT+jb3vk/RyaKWP0PTKyWtmLSM0b+adUTEvbs1PEaH2w=="
    },
    "nanoid": {
      "version": "3.3.4",
      "resolved": "http://nexus.dmall.com:8081/nexus/repository/npm-public/nanoid/-/nanoid-3.3.4.tgz",
      "integrity": "sha512-MqBkQh/OHTS2egovRtLk45wEyNXwF+cokD+1YPf9u5VfJiRdAiRwB2froX5Co9Rh20xs4siNPm8naNotSD6RBw=="
    },
    "picocolors": {
      "version": "1.0.0",
      "resolved": "http://nexus.dmall.com:8081/nexus/repository/npm-public/picocolors/-/picocolors-1.0.0.tgz",
      "integrity": "sha512-1fygroTLlHu66zi26VoTDv8yRgm0Fccecssto+MhsZ0D/DGW2sm8E8AjW7NU5VVTRt5GxbeZ5qBuJr+HyLYkjQ=="
    },
    "postcss": {
      "version": "8.4.16",
      "resolved": "http://nexus.dmall.com:8081/nexus/repository/npm-public/postcss/-/postcss-8.4.16.tgz",
      "integrity": "sha512-ipHE1XBvKzm5xI7hiHCZJCSugxvsdq2mPnsq5+UF+VHCjiBvtDrlxJfMBToWaP9D5XlgNmcFGqoHmUn0EYEaRQ==",
      "requires": {
        "nanoid": "^3.3.4",
        "picocolors": "^1.0.0",
        "source-map-js": "^1.0.2"
      }
    },
    "source-map": {
      "version": "0.6.1",
      "resolved": "http://nexus.dmall.com:8081/nexus/repository/npm-public/source-map/-/source-map-0.6.1.tgz",
      "integrity": "sha512-UjgapumWlbMhkBgzT7Ykc5YXUT46F0iKu8SGXq0bcwP5dz/h0Plj6enJqjz1Zbq2l5WaqYnrVbwWOWMyF3F47g=="
    },
    "source-map-js": {
      "version": "1.0.2",
      "resolved": "http://nexus.dmall.com:8081/nexus/repository/npm-public/source-map-js/-/source-map-js-1.0.2.tgz",
      "integrity": "sha512-R0XvVJ9WusLiqTCEiGCmICCMplcCkIwwR11mOSD9CR5u+IXYdiseeEuXCVAjS54zqwkLcPNnmU4OeJ6tUrWhDw=="
    },
    "sourcemap-codec": {
      "version": "1.4.8",
      "resolved": "http://nexus.dmall.com:8081/nexus/repository/npm-public/sourcemap-codec/-/sourcemap-codec-1.4.8.tgz",
      "integrity": "sha512-9NykojV5Uih4lgo5So5dtw+f0JgJX30KCNI8gwhz2J9A15wD0Ml6tjHKwf6fTSa6fAdVBdZeNOs9eJ71qCk8vA=="
    },
    "supports-color": {
      "version": "5.5.0",
      "resolved": "http://nexus.dmall.com:8081/nexus/repository/npm-public/supports-color/-/supports-color-5.5.0.tgz",
      "integrity": "sha512-QjVjwdXIt408MIiAqCX4oUKsgU2EqAGzs2Ppkm4aQYbjm+ZEWEcW4SfFNTr4uMNZma0ey4f5lgLrkB0aX0QMow==",
      "requires": {
        "has-flag": "^3.0.0"
      }
    },
    "to-fast-properties": {
      "version": "2.0.0",
      "resolved": "http://nexus.dmall.com:8081/nexus/repository/npm-public/to-fast-properties/-/to-fast-properties-2.0.0.tgz",
      "integrity": "sha512-/OaKK0xYrs3DmxRYqL/yDc+FxFUVYhDlXMhRmv3z915w2HF1tnN1omB354j8VUGO/hbRzyD6Y3sA7v7GS/ceog=="
    },
    "vue-template-compiler": {
      "version": "2.7.10",
      "resolved": "http://nexus.dmall.com:8081/nexus/repository/npm-public/vue-template-compiler/-/vue-template-compiler-2.7.10.tgz",
      "integrity": "sha512-QO+8R9YRq1Gudm8ZMdo/lImZLJVUIAM8c07Vp84ojdDAf8HmPJc7XB556PcXV218k2AkKznsRz6xB5uOjAC4EQ==",
      "requires": {
        "de-indent": "^1.0.2",
        "he": "^1.2.0"
      }
    }
  }
}
